// !$*UTF8*$!
{
	archiveVersion = 1;
	classes = {
	};
	objectVersion = 50;
	objects = {

/* Begin PBXBuildFile section */
		ABAB4F28241D9CEB001E85CA /* AppDelegate.swift in Sources */ = {isa = PBXBuildFile; fileRef = ABAB4F27241D9CEB001E85CA /* AppDelegate.swift */; };
		ABAB4F2A241D9CEB001E85CA /* SceneDelegate.swift in Sources */ = {isa = PBXBuildFile; fileRef = ABAB4F29241D9CEB001E85CA /* SceneDelegate.swift */; };
		ABAB4F2C241D9CEB001E85CA /* InternVC.swift in Sources */ = {isa = PBXBuildFile; fileRef = ABAB4F2B241D9CEB001E85CA /* InternVC.swift */; };
		ABAB4F2F241D9CEB001E85CA /* Main.storyboard in Resources */ = {isa = PBXBuildFile; fileRef = ABAB4F2D241D9CEB001E85CA /* Main.storyboard */; };
		ABAB4F31241D9CF0001E85CA /* Assets.xcassets in Resources */ = {isa = PBXBuildFile; fileRef = ABAB4F30241D9CF0001E85CA /* Assets.xcassets */; };
		ABAB4F34241D9CF0001E85CA /* LaunchScreen.storyboard in Resources */ = {isa = PBXBuildFile; fileRef = ABAB4F32241D9CF0001E85CA /* LaunchScreen.storyboard */; };
		ABAB4F40241DA51A001E85CA /* BossVC.swift in Sources */ = {isa = PBXBuildFile; fileRef = ABAB4F3F241DA51A001E85CA /* BossVC.swift */; };
/* End PBXBuildFile section */

/* Begin PBXFileReference section */
		ABAB4F24241D9CEB001E85CA /* DelegatesPractice.app */ = {isa = PBXFileReference; explicitFileType = wrapper.application; includeInIndex = 0; path = DelegatesPractice.app; sourceTree = BUILT_PRODUCTS_DIR; };
		ABAB4F27241D9CEB001E85CA /* AppDelegate.swift */ = {isa = PBXFileReference; lastKnownFileType = sourcecode.swift; path = AppDelegate.swift; sourceTree = "<group>"; };
		ABAB4F29241D9CEB001E85CA /* SceneDelegate.swift */ = {isa = PBXFileReference; lastKnownFileType = sourcecode.swift; path = SceneDelegate.swift; sourceTree = "<group>"; };
		ABAB4F2B241D9CEB001E85CA /* InternVC.swift */ = {isa = PBXFileReference; lastKnownFileType = sourcecode.swift; path = InternVC.swift; sourceTree = "<group>"; };
		ABAB4F2E241D9CEB001E85CA /* Base */ = {isa = PBXFileReference; lastKnownFileType = file.storyboard; name = Base; path = Base.lproj/Main.storyboard; sourceTree = "<group>"; };
		ABAB4F30241D9CF0001E85CA /* Assets.xcassets */ = {isa = PBXFileReference; lastKnownFileType = folder.assetcatalog; path = Assets.xcassets; sourceTree = "<group>"; };
		ABAB4F33241D9CF0001E85CA /* Base */ = {isa = PBXFileReference; lastKnownFileType = file.storyboard; name = Base; path = Base.lproj/LaunchScreen.storyboard; sourceTree = "<group>"; };
		ABAB4F35241D9CF0001E85CA /* Info.plist */ = {isa = PBXFileReference; lastKnownFileType = text.plist.xml; path = Info.plist; sourceTree = "<group>"; };
		ABAB4F3F241DA51A001E85CA /* BossVC.swift */ = {isa = PBXFileReference; lastKnownFileType = sourcecode.swift; path = BossVC.swift; sourceTree = SOURCE_ROOT; };
/* End PBXFileReference section */

/* Begin PBXFrameworksBuildPhase section */
		ABAB4F21241D9CEB001E85CA /* Frameworks */ = {
			isa = PBXFrameworksBuildPhase;
			buildActionMask = 2147483647;
			files = (
			);
			runOnlyForDeploymentPostprocessing = 0;
		};
/* End PBXFrameworksBuildPhase section */

/* Begin PBXGroup section */
		ABAB4F1B241D9CEB001E85CA = {
			isa = PBXGroup;
			children = (
				ABAB4F26241D9CEB001E85CA /* DelegatesPractice */,
				ABAB4F25241D9CEB001E85CA /* Products */,
			);
			sourceTree = "<group>";
		};
		ABAB4F25241D9CEB001E85CA /* Products */ = {
			isa = PBXGroup;
			children = (
				ABAB4F24241D9CEB001E85CA /* DelegatesPractice.app */,
			);
			name = Products;
			sourceTree = "<group>";
		};
		ABAB4F26241D9CEB001E85CA /* DelegatesPractice */ = {
			isa = PBXGroup;
			children = (
				ABAB4F29241D9CEB001E85CA /* SceneDelegate.swift */,
				ABAB4F27241D9CEB001E85CA /* AppDelegate.swift */,
				ABAB4F3F241DA51A001E85CA /* BossVC.swift */,
				ABAB4F2B241D9CEB001E85CA /* InternVC.swift */,
				ABAB4F2D241D9CEB001E85CA /* Main.storyboard */,
				ABAB4F30241D9CF0001E85CA /* Assets.xcassets */,
				ABAB4F32241D9CF0001E85CA /* LaunchScreen.storyboard */,
				ABAB4F35241D9CF0001E85CA /* Info.plist */,
			);
			path = DelegatesPractice;
			sourceTree = "<group>";
		};
/* End PBXGroup section */

/* Begin PBXNativeTarget section */
		ABAB4F23241D9CEB001E85CA /* DelegatesPractice */ = {
			isa = PBXNativeTarget;
			buildConfigurationList = ABAB4F38241D9CF0001E85CA /* Build configuration list for PBXNativeTarget "DelegatesPractice" */;
			buildPhases = (
				ABAB4F20241D9CEB001E85CA /* Sources */,
				ABAB4F21241D9CEB001E85CA /* Frameworks */,
				ABAB4F22241D9CEB001E85CA /* Resources */,
			);
			buildRules = (
			);
			dependencies = (
			);
			name = DelegatesPractice;
			productName = DelegatesPractice;
			productReference = ABAB4F24241D9CEB001E85CA /* DelegatesPractice.app */;
			productType = "com.apple.product-type.application";
		};
/* End PBXNativeTarget section */

/* Begin PBXProject section */
		ABAB4F1C241D9CEB001E85CA /* Project object */ = {
			isa = PBXProject;
			attributes = {
				LastSwiftUpdateCheck = 1100;
				LastUpgradeCheck = 1100;
				ORGANIZATIONNAME = "Adriana González Martínez";
				TargetAttributes = {
					ABAB4F23241D9CEB001E85CA = {
						CreatedOnToolsVersion = 11.0;
					};
				};
			};
			buildConfigurationList = ABAB4F1F241D9CEB001E85CA /* Build configuration list for PBXProject "DelegatesPractice" */;
			compatibilityVersion = "Xcode 9.3";
			developmentRegion = en;
			hasScannedForEncodings = 0;
			knownRegions = (
				en,
				Base,
			);
			mainGroup = ABAB4F1B241D9CEB001E85CA;
			productRefGroup = ABAB4F25241D9CEB001E85CA /* Products */;
			projectDirPath = "";
			projectRoot = "";
			targets = (
				ABAB4F23241D9CEB001E85CA /* DelegatesPractice */,
			);
		};
/* End PBXProject section */

/* Begin PBXResourcesBuildPhase section */
		ABAB4F22241D9CEB001E85CA /* Resources */ = {
			isa = PBXResourcesBuildPhase;
			buildActionMask = 2147483647;
			files = (
				ABAB4F34241D9CF0001E85CA /* LaunchScreen.storyboard in Resources */,
				ABAB4F31241D9CF0001E85CA /* Assets.xcassets in Resources */,
				ABAB4F2F241D9CEB001E85CA /* Main.storyboard in Resources */,
			);
			runOnlyForDeploymentPostprocessing = 0;
		};
/* End PBXResourcesBuildPhase section */

/* Begin PBXSourcesBuildPhase section */
		ABAB4F20241D9CEB001E85CA /* Sources */ = {
			isa = PBXSourcesBuildPhase;
			buildActionMask = 2147483647;
			files = (
				ABAB4F2C241D9CEB001E85CA /* InternVC.swift in Sources */,
				ABAB4F28241D9CEB001E85CA /* AppDelegate.swift in Sources */,
				ABAB4F2A241D9CEB001E85CA /* SceneDelegate.swift in Sources */,
				ABAB4F40241DA51A001E85CA /* BossVC.swift in Sources */,
			);
			runOnlyForDeploymentPostprocessing = 0;
		};
/* End PBXSourcesBuildPhase section */

/* Begin PBXVariantGroup section */
		ABAB4F2D241D9CEB001E85CA /* Main.storyboard */ = {
			isa = PBXVariantGroup;
			children = (
				ABAB4F2E241D9CEB001E85CA /* Base */,
			);
			name = Main.storyboard;
			sourceTree = "<group>";
		};
		ABAB4F32241D9CF0001E85CA /* LaunchScreen.storyboard */ = {
			isa = PBXVariantGroup;
			children = (
				ABAB4F33241D9CF0001E85CA /* Base */,
			);
			name = LaunchScreen.storyboard;
			sourceTree = "<group>";
		};
/* End PBXVariantGroup section */

/* Begin XCBuildConfiguration section */
		ABAB4F36241D9CF0001E85CA /* Debug */ = {
			isa = XCBuildConfiguration;
			buildSettings = {
				ALWAYS_SEARCH_USER_PATHS = NO;
				CLANG_ANALYZER_NONNULL = YES;
				CLANG_ANALYZER_NUMBER_OBJECT_CONVERSION = YES_AGGRESSIVE;
				CLANG_CXX_LANGUAGE_STANDARD = "gnu++14";
				CLANG_CXX_LIBRARY = "libc++";
				CLANG_ENABLE_MODULES = YES;
				CLANG_ENABLE_OBJC_ARC = YES;
				CLANG_ENABLE_OBJC_WEAK = YES;
				CLANG_WARN_BLOCK_CAPTURE_AUTORELEASING = YES;
				CLANG_WARN_BOOL_CONVERSION = YES;
				CLANG_WARN_COMMA = YES;
				CLANG_WARN_CONSTANT_CONVERSION = YES;
				CLANG_WARN_DEPRECATED_OBJC_IMPLEMENTATIONS = YES;
				CLANG_WARN_DIRECT_OBJC_ISA_USAGE = YES_ERROR;
				CLANG_WARN_DOCUMENTATION_COMMENTS = YES;
				CLANG_WARN_EMPTY_BODY = YES;
				CLANG_WARN_ENUM_CONVERSION = YES;
				CLANG_WARN_INFINITE_RECURSION = YES;
				CLANG_WARN_INT_CONVERSION = YES;
				CLANG_WARN_NON_LITERAL_NULL_CONVERSION = YES;
				CLANG_WARN_OBJC_IMPLICIT_RETAIN_SELF = YES;
				CLANG_WARN_OBJC_LITERAL_CONVERSION = YES;
				CLANG_WARN_OBJC_ROOT_CLASS = YES_ERROR;
				CLANG_WARN_RANGE_LOOP_ANALYSIS = YES;
				CLANG_WARN_STRICT_PROTOTYPES = YES;
				CLANG_WARN_SUSPICIOUS_MOVE = YES;
				CLANG_WARN_UNGUARDED_AVAILABILITY = YES_AGGRESSIVE;
				CLANG_WARN_UNREACHABLE_CODE = YES;
				CLANG_WARN__DUPLICATE_METHOD_MATCH = YES;
				COPY_PHASE_STRIP = NO;
				DEBUG_INFORMATION_FORMAT = dwarf;
				ENABLE_STRICT_OBJC_MSGSEND = YES;
				ENABLE_TESTABILITY = YES;
				GCC_C_LANGUAGE_STANDARD = gnu11;
				GCC_DYNAMIC_NO_PIC = NO;
				GCC_NO_COMMON_BLOCKS = YES;
				GCC_OPTIMIZATION_LEVEL = 0;
				GCC_PREPROCESSOR_DEFINITIONS = (
					"DEBUG=1",
					"$(inherited)",
				);
				GCC_WARN_64_TO_32_BIT_CONVERSION = YES;
				GCC_WARN_ABOUT_RETURN_TYPE = YES_ERROR;
				GCC_WARN_UNDECLARED_SELECTOR = YES;
				GCC_WARN_UNINITIALIZED_AUTOS = YES_AGGRESSIVE;
				GCC_WARN_UNUSED_FUNCTION = YES;
				GCC_WARN_UNUSED_VARIABLE = YES;
				IPHONEOS_DEPLOYMENT_TARGET = 13.0;
				MTL_ENABLE_DEBUG_INFO = INCLUDE_SOURCE;
				MTL_FAST_MATH = YES;
				ONLY_ACTIVE_ARCH = YES;
				SDKROOT = iphoneos;
				SWIFT_ACTIVE_COMPILATION_CONDITIONS = DEBUG;
				SWIFT_OPTIMIZATION_LEVEL = "-Onone";
			};
			name = Debug;
		};
		ABAB4F37241D9CF0001E85CA /* Release */ = {
			isa = XCBuildConfiguration;
			buildSettings = {
				ALWAYS_SEARCH_USER_PATHS = NO;
				CLANG_ANALYZER_NONNULL = YES;
				CLANG_ANALYZER_NUMBER_OBJECT_CONVERSION = YES_AGGRESSIVE;
				CLANG_CXX_LANGUAGE_STANDARD = "gnu++14";
				CLANG_CXX_LIBRARY = "libc++";
				CLANG_ENABLE_MODULES = YES;
				CLANG_ENABLE_OBJC_ARC = YES;
				CLANG_ENABLE_OBJC_WEAK = YES;
				CLANG_WARN_BLOCK_CAPTURE_AUTORELEASING = YES;
				CLANG_WARN_BOOL_CONVERSION = YES;
				CLANG_WARN_COMMA = YES;
				CLANG_WARN_CONSTANT_CONVERSION = YES;
				CLANG_WARN_DEPRECATED_OBJC_IMPLEMENTATIONS = YES;
				CLANG_WARN_DIRECT_OBJC_ISA_USAGE = YES_ERROR;
				CLANG_WARN_DOCUMENTATION_COMMENTS = YES;
				CLANG_WARN_EMPTY_BODY = YES;
				CLANG_WARN_ENUM_CONVERSION = YES;
				CLANG_WARN_INFINITE_RECURSION = YES;
				CLANG_WARN_INT_CONVERSION = YES;
				CLANG_WARN_NON_LITERAL_NULL_CONVERSION = YES;
				CLANG_WARN_OBJC_IMPLICIT_RETAIN_SELF = YES;
				CLANG_WARN_OBJC_LITERAL_CONVERSION = YES;
				CLANG_WARN_OBJC_ROOT_CLASS = YES_ERROR;
				CLANG_WARN_RANGE_LOOP_ANALYSIS = YES;
				CLANG_WARN_STRICT_PROTOTYPES = YES;
				CLANG_WARN_SUSPICIOUS_MOVE = YES;
				CLANG_WARN_UNGUARDED_AVAILABILITY = YES_AGGRESSIVE;
				CLANG_WARN_UNREACHABLE_CODE = YES;
				CLANG_WARN__DUPLICATE_METHOD_MATCH = YES;
				COPY_PHASE_STRIP = NO;
				DEBUG_INFORMATION_FORMAT = "dwarf-with-dsym";
				ENABLE_NS_ASSERTIONS = NO;
				ENABLE_STRICT_OBJC_MSGSEND = YES;
				GCC_C_LANGUAGE_STANDARD = gnu11;
				GCC_NO_COMMON_BLOCKS = YES;
				GCC_WARN_64_TO_32_BIT_CONVERSION = YES;
				GCC_WARN_ABOUT_RETURN_TYPE = YES_ERROR;
				GCC_WARN_UNDECLARED_SELECTOR = YES;
				GCC_WARN_UNINITIALIZED_AUTOS = YES_AGGRESSIVE;
				GCC_WARN_UNUSED_FUNCTION = YES;
				GCC_WARN_UNUSED_VARIABLE = YES;
				IPHONEOS_DEPLOYMENT_TARGET = 13.0;
				MTL_ENABLE_DEBUG_INFO = NO;
				MTL_FAST_MATH = YES;
				SDKROOT = iphoneos;
				SWIFT_COMPILATION_MODE = wholemodule;
				SWIFT_OPTIMIZATION_LEVEL = "-O";
				VALIDATE_PRODUCT = YES;
			};
			name = Release;
		};
		ABAB4F39241D9CF0001E85CA /* Debug */ = {
			isa = XCBuildConfiguration;
			buildSettings = {
				ASSETCATALOG_COMPILER_APPICON_NAME = AppIcon;
				CODE_SIGN_STYLE = Automatic;
				DEVELOPMENT_TEAM = TZRX6AQ237;
				INFOPLIST_FILE = DelegatesPractice/Info.plist;
				LD_RUNPATH_SEARCH_PATHS = (
					"$(inherited)",
					"@executable_path/Frameworks",
				);
				PRODUCT_BUNDLE_IDENTIFIER = com.amgm.DelegatesPractice;
				PRODUCT_NAME = "$(TARGET_NAME)";
				SWIFT_VERSION = 5.0;
				TARGETED_DEVICE_FAMILY = "1,2";
			};
			name = Debug;
		};
		ABAB4F3A241D9CF0001E85CA /* Release */ = {
			isa = XCBuildConfiguration;
			buildSettings = {
				ASSETCATALOG_COMPILER_APPICON_NAME = AppIcon;
				CODE_SIGN_STYLE = Automatic;
				DEVELOPMENT_TEAM = TZRX6AQ237;
				INFOPLIST_FILE = DelegatesPractice/Info.plist;
				LD_RUNPATH_SEARCH_PATHS = (
					"$(inherited)",
					"@executable_path/Frameworks",
				);
				PRODUCT_BUNDLE_IDENTIFIER = com.amgm.DelegatesPractice;
				PRODUCT_NAME = "$(TARGET_NAME)";
				SWIFT_VERSION = 5.0;
				TARGETED_DEVICE_FAMILY = "1,2";
			};
			name = Release;
		};
/* End XCBuildConfiguration section */

/* Begin XCConfigurationList section */
		ABAB4F1F241D9CEB001E85CA /* Build configuration list for PBXProject "DelegatesPractice" */ = {
			isa = XCConfigurationList;
			buildConfigurations = (
				ABAB4F36241D9CF0001E85CA /* Debug */,
				ABAB4F37241D9CF0001E85CA /* Release */,
			);
			defaultConfigurationIsVisible = 0;
			defaultConfigurationName = Release;
		};
		ABAB4F38241D9CF0001E85CA /* Build configuration list for PBXNativeTarget "DelegatesPractice" */ = {
			isa = XCConfigurationList;
			buildConfigurations = (
				ABAB4F39241D9CF0001E85CA /* Debug */,
				ABAB4F3A241D9CF0001E85CA /* Release */,
			);
			defaultConfigurationIsVisible = 0;
			defaultConfigurationName = Release;
		};
/* End XCConfigurationList section */
	};
	rootObject = ABAB4F1C241D9CEB001E85CA /* Project object */;
}
